
Microsoft Visual Studio Solution File, Format Version 12.00
# Visual Studio Version 16
VisualStudioVersion = 16.0.29613.14
MinimumVisualStudioVersion = 10.0.40219.1
Project("{9A19103F-16F7-4668-BE54-9A1E7A4F7556}") = "NES_Decom", "NES_Decom\NES_Decom.csproj", "{61F83EB1-FF75-4F45-A73F-2958468537AD}"
EndProject
Global
	GlobalSection(SolutionConfigurationPlatforms) = preSolution
		Debug|Any CPU = Debug|Any CPU
		Release|Any CPU = Release|Any CPU
	EndGlobalSection
	GlobalSection(ProjectConfigurationPlatforms) = postSolution
		{61F83EB1-FF75-4F45-A73F-2958468537AD}.Debug|Any CPU.ActiveCfg = Debug|Any CPU
		{61F83EB1-FF75-4F45-A73F-2958468537AD}.Debug|Any CPU.Build.0 = Debug|Any CPU
		{61F83EB1-FF75-4F45-A73F-2958468537AD}.Release|Any CPU.ActiveCfg = Release|Any CPU
		{61F83EB1-FF75-4F45-A73F-2958468537AD}.Release|Any CPU.Build.0 = Release|Any CPU
	EndGlobalSection
	GlobalSection(SolutionProperties) = preSolution
		HideSolutionNode = FALSE
	EndGlobalSection
	GlobalSection(ExtensibilityGlobals) = postSolution
		SolutionGuid = {FC42F394-595B-45F8-A3DA-C54CB41F5AB3}
	EndGlobalSection
EndGlobal
